
Microsoft Visual Studio Solution File, Format Version 12.00
# Visual Studio Version 17
VisualStudioVersion = 17.1.32210.238
MinimumVisualStudioVersion = 10.0.40219.1
Project("{9A19103F-16F7-4668-BE54-9A1E7A4F7556}") = "TopEarners", "TopEarners\TopEarners.csproj", "{D80783B8-A004-4E09-B754-1E5491088245}"
EndProject
Project("{9A19103F-16F7-4668-BE54-9A1E7A4F7556}") = "10.1TopEarners", "10.1TopEarners\10.1TopEarners.csproj", "{F655EDB9-0D34-48E1-B562-7209DF2C65C7}"
EndProject
Project("{9A19103F-16F7-4668-BE54-9A1E7A4F7556}") = "10.2ClassGrades", "10.2ClassGrades\10.2ClassGrades.csproj", "{2694DB5C-0DBA-414F-86A3-7A1848AF8978}"
EndProject
Project("{9A19103F-16F7-4668-BE54-9A1E7A4F7556}") = "GetDoubleInput", "GetDoubleInput\GetDoubleInput.csproj", "{6EDF2E79-FBB6-443A-97DB-23DF94A42762}"
EndProject
Project("{FAE04EC0-301F-11D3-BF4B-00C04F79EFBC}") = "SumOf3", "SumOf3\SumOf3.csproj", "{2E3003BF-B42C-417A-9380-62EDF050C4E0}"
EndProject
Global
	GlobalSection(SolutionConfigurationPlatforms) = preSolution
		Debug|Any CPU = Debug|Any CPU
		Release|Any CPU = Release|Any CPU
	EndGlobalSection
	GlobalSection(ProjectConfigurationPlatforms) = postSolution
		{D80783B8-A004-4E09-B754-1E5491088245}.Debug|Any CPU.ActiveCfg = Debug|Any CPU
		{D80783B8-A004-4E09-B754-1E5491088245}.Debug|Any CPU.Build.0 = Debug|Any CPU
		{D80783B8-A004-4E09-B754-1E5491088245}.Release|Any CPU.ActiveCfg = Release|Any CPU
		{D80783B8-A004-4E09-B754-1E5491088245}.Release|Any CPU.Build.0 = Release|Any CPU
		{F655EDB9-0D34-48E1-B562-7209DF2C65C7}.Debug|Any CPU.ActiveCfg = Debug|Any CPU
		{F655EDB9-0D34-48E1-B562-7209DF2C65C7}.Debug|Any CPU.Build.0 = Debug|Any CPU
		{F655EDB9-0D34-48E1-B562-7209DF2C65C7}.Release|Any CPU.ActiveCfg = Release|Any CPU
		{F655EDB9-0D34-48E1-B562-7209DF2C65C7}.Release|Any CPU.Build.0 = Release|Any CPU
		{2694DB5C-0DBA-414F-86A3-7A1848AF8978}.Debug|Any CPU.ActiveCfg = Debug|Any CPU
		{2694DB5C-0DBA-414F-86A3-7A1848AF8978}.Debug|Any CPU.Build.0 = Debug|Any CPU
		{2694DB5C-0DBA-414F-86A3-7A1848AF8978}.Release|Any CPU.ActiveCfg = Release|Any CPU
		{2694DB5C-0DBA-414F-86A3-7A1848AF8978}.Release|Any CPU.Build.0 = Release|Any CPU
		{6EDF2E79-FBB6-443A-97DB-23DF94A42762}.Debug|Any CPU.ActiveCfg = Debug|Any CPU
		{6EDF2E79-FBB6-443A-97DB-23DF94A42762}.Debug|Any CPU.Build.0 = Debug|Any CPU
		{6EDF2E79-FBB6-443A-97DB-23DF94A42762}.Release|Any CPU.ActiveCfg = Release|Any CPU
		{6EDF2E79-FBB6-443A-97DB-23DF94A42762}.Release|Any CPU.Build.0 = Release|Any CPU
		{2E3003BF-B42C-417A-9380-62EDF050C4E0}.Debug|Any CPU.ActiveCfg = Debug|Any CPU
		{2E3003BF-B42C-417A-9380-62EDF050C4E0}.Debug|Any CPU.Build.0 = Debug|Any CPU
		{2E3003BF-B42C-417A-9380-62EDF050C4E0}.Release|Any CPU.ActiveCfg = Release|Any CPU
		{2E3003BF-B42C-417A-9380-62EDF050C4E0}.Release|Any CPU.Build.0 = Release|Any CPU
	EndGlobalSection
	GlobalSection(SolutionProperties) = preSolution
		HideSolutionNode = FALSE
	EndGlobalSection
	GlobalSection(ExtensibilityGlobals) = postSolution
		SolutionGuid = {3AF1A41A-9567-4EA1-8D2C-ECE95D76CFF7}
	EndGlobalSection
EndGlobal
